
Microsoft Visual Studio Solution File, Format Version 12.00
# Visual Studio Version 17
VisualStudioVersion = 17.4.33403.182
MinimumVisualStudioVersion = 10.0.40219.1
Project("{FAE04EC0-301F-11D3-BF4B-00C04F79EFBC}") = "Tests", "Tests\Tests.csproj", "{4130C980-4588-4579-B178-AAAB58E566FB}"
EndProject
Project("{FAE04EC0-301F-11D3-BF4B-00C04F79EFBC}") = "Tests.Tests", "Tests.Tests\Tests.Tests.csproj", "{489C4DF1-2D99-41A9-92E9-F4D775A5182B}"
EndProject
Global
	GlobalSection(SolutionConfigurationPlatforms) = preSolution
		Debug|Any CPU = Debug|Any CPU
		Release|Any CPU = Release|Any CPU
	EndGlobalSection
	GlobalSection(ProjectConfigurationPlatforms) = postSolution
		{4130C980-4588-4579-B178-AAAB58E566FB}.Debug|Any CPU.ActiveCfg = Debug|Any CPU
		{4130C980-4588-4579-B178-AAAB58E566FB}.Debug|Any CPU.Build.0 = Debug|Any CPU
		{4130C980-4588-4579-B178-AAAB58E566FB}.Release|Any CPU.ActiveCfg = Release|Any CPU
		{4130C980-4588-4579-B178-AAAB58E566FB}.Release|Any CPU.Build.0 = Release|Any CPU
		{489C4DF1-2D99-41A9-92E9-F4D775A5182B}.Debug|Any CPU.ActiveCfg = Debug|Any CPU
		{489C4DF1-2D99-41A9-92E9-F4D775A5182B}.Debug|Any CPU.Build.0 = Debug|Any CPU
		{489C4DF1-2D99-41A9-92E9-F4D775A5182B}.Release|Any CPU.ActiveCfg = Release|Any CPU
		{489C4DF1-2D99-41A9-92E9-F4D775A5182B}.Release|Any CPU.Build.0 = Release|Any CPU
	EndGlobalSection
	GlobalSection(SolutionProperties) = preSolution
		HideSolutionNode = FALSE
	EndGlobalSection
	GlobalSection(ExtensibilityGlobals) = postSolution
		SolutionGuid = {73C6E830-B8A2-4621-8A1C-B39F4DA2D6D2}
	EndGlobalSection
EndGlobal
